
Microsoft Visual Studio Solution File, Format Version 12.00
# Visual Studio Version 17
VisualStudioVersion = 17.2.32519.379
MinimumVisualStudioVersion = 10.0.40219.1
Project("{9A19103F-16F7-4668-BE54-9A1E7A4F7556}") = "WpfDatabase", "WpfDatabase\WpfDatabase.csproj", "{2D8875F3-D6DE-4230-A897-521F99BD2107}"
EndProject
Project("{9A19103F-16F7-4668-BE54-9A1E7A4F7556}") = "DataModel", "Data Model\DataModel.csproj", "{AADC8406-9E95-43B1-BF17-49B7159F6D4B}"
EndProject
Global
	GlobalSection(SolutionConfigurationPlatforms) = preSolution
		Debug|Any CPU = Debug|Any CPU
		Release|Any CPU = Release|Any CPU
	EndGlobalSection
	GlobalSection(ProjectConfigurationPlatforms) = postSolution
		{2D8875F3-D6DE-4230-A897-521F99BD2107}.Debug|Any CPU.ActiveCfg = Debug|Any CPU
		{2D8875F3-D6DE-4230-A897-521F99BD2107}.Debug|Any CPU.Build.0 = Debug|Any CPU
		{2D8875F3-D6DE-4230-A897-521F99BD2107}.Release|Any CPU.ActiveCfg = Release|Any CPU
		{2D8875F3-D6DE-4230-A897-521F99BD2107}.Release|Any CPU.Build.0 = Release|Any CPU
		{AADC8406-9E95-43B1-BF17-49B7159F6D4B}.Debug|Any CPU.ActiveCfg = Debug|Any CPU
		{AADC8406-9E95-43B1-BF17-49B7159F6D4B}.Debug|Any CPU.Build.0 = Debug|Any CPU
		{AADC8406-9E95-43B1-BF17-49B7159F6D4B}.Release|Any CPU.ActiveCfg = Release|Any CPU
		{AADC8406-9E95-43B1-BF17-49B7159F6D4B}.Release|Any CPU.Build.0 = Release|Any CPU
	EndGlobalSection
	GlobalSection(SolutionProperties) = preSolution
		HideSolutionNode = FALSE
	EndGlobalSection
	GlobalSection(ExtensibilityGlobals) = postSolution
		SolutionGuid = {17DB06AA-D664-4E91-B180-DF092E91BE4D}
	EndGlobalSection
EndGlobal
